
Microsoft Visual Studio Solution File, Format Version 12.00
# Visual Studio Version 17
VisualStudioVersion = 17.14.36623.8 d17.14
MinimumVisualStudioVersion = 10.0.40219.1
Project("{FAE04EC0-301F-11D3-BF4B-00C04F79EFBC}") = "PassWOrdU", "PassWOrdU\PassWOrdU.csproj", "{7FE7BBE0-23B4-4569-A039-D2276CE239AF}"
EndProject
Global
	GlobalSection(SolutionConfigurationPlatforms) = preSolution
		Debug|Any CPU = Debug|Any CPU
		Release|Any CPU = Release|Any CPU
	EndGlobalSection
	GlobalSection(ProjectConfigurationPlatforms) = postSolution
		{7FE7BBE0-23B4-4569-A039-D2276CE239AF}.Debug|Any CPU.ActiveCfg = Debug|Any CPU
		{7FE7BBE0-23B4-4569-A039-D2276CE239AF}.Debug|Any CPU.Build.0 = Debug|Any CPU
		{7FE7BBE0-23B4-4569-A039-D2276CE239AF}.Release|Any CPU.ActiveCfg = Release|Any CPU
		{7FE7BBE0-23B4-4569-A039-D2276CE239AF}.Release|Any CPU.Build.0 = Release|Any CPU
	EndGlobalSection
	GlobalSection(SolutionProperties) = preSolution
		HideSolutionNode = FALSE
	EndGlobalSection
	GlobalSection(ExtensibilityGlobals) = postSolution
		SolutionGuid = {87A77A42-E35C-4B13-9B80-927DF299BE0F}
	EndGlobalSection
EndGlobal
